{
    "name": "iniquity-bbs",
    "version": "1.0.0",
    "lockfileVersion": 3,
    "requires": true,
    "packages": {
        "": {
            "name": "iniquity-bbs",
            "version": "1.0.0",
            "dependencies": {
                "@iniquitybbs/core": "^3.0.81"
            }
        },
        "node_modules/@iniquitybbs/core": {
            "version": "3.0.82",
            "resolved": "https://registry.npmjs.org/@iniquitybbs/core/-/core-3.0.82.tgz",
            "integrity": "sha512-lgEc5Bxaf3+XEbLGOkUoH6kFrJt6QoKvUXQWW3nO7KAkwB8aJPlk6eXlyMtHQzNAnfOAT/o0y/mQwfj5SRSbIA==",
            "license": "MIT"
        }
    }
}
