{
    "name": "iniquity-bbs",
    "version": "1.0.0",
    "lockfileVersion": 3,
    "requires": true,
    "packages": {
        "": {
            "name": "iniquity-bbs",
            "version": "1.0.0",
            "dependencies": {
                "@iniquitybbs/core": "^3.0.81"
            }
        },
        "node_modules/@iniquitybbs/core": {
            "version": "3.0.84",
            "resolved": "https://registry.npmjs.org/@iniquitybbs/core/-/core-3.0.84.tgz",
            "integrity": "sha512-aTSqV3EGMzfLdS1Rs7O0MFwVjYCdAUv+8HgfbqHwEUfkX+L3QN4RPPx2rgCGjVV1prwJ8OxvIXdqqf2sgW/BMA==",
            "license": "MIT"
        }
    }
}
