{
    "name": "iniquity-bbs",
    "version": "1.0.0",
    "lockfileVersion": 3,
    "requires": true,
    "packages": {
        "": {
            "name": "iniquity-bbs",
            "version": "1.0.0",
            "dependencies": {
                "@iniquitybbs/core": "^3.0.81"
            }
        },
        "node_modules/@iniquitybbs/core": {
            "version": "3.0.83",
            "resolved": "https://registry.npmjs.org/@iniquitybbs/core/-/core-3.0.83.tgz",
            "integrity": "sha512-D84PDqVUi/Wv/nvYQsgYIQVZKe0qY/cgff3jFi+pOJ+3tDRu2l1NrwtthOo3mLbI5Xrl5UVUy8SGIGMSn9wupQ==",
            "license": "MIT"
        }
    }
}
