{
    "name": "@iniquitybbs/core",
    "version": "3.0.86",
    "lockfileVersion": 2,
    "requires": true,
    "packages": {
        "": {
            "name": "@iniquitybbs/core",
            "version": "3.0.86",
            "license": "MIT",
            "devDependencies": {
                "@types/node": "^18.18.4",
                "typescript": "^4.9.3"
            }
        },
        "node_modules/@types/node": {
            "version": "18.18.4",
            "resolved": "https://registry.npmjs.org/@types/node/-/node-18.18.4.tgz",
            "integrity": "sha512-t3rNFBgJRugIhackit2mVcLfF6IRc0JE4oeizPQL8Zrm8n2WY/0wOdpOPhdtG0V9Q2TlW/axbF1MJ6z+Yj/kKQ==",
            "dev": true
        },
        "node_modules/typescript": {
            "version": "4.9.4",
            "resolved": "https://registry.npmjs.org/typescript/-/typescript-4.9.4.tgz",
            "integrity": "sha512-Uz+dTXYzxXXbsFpM86Wh3dKCxrQqUcVMxwU54orwlJjOpO3ao8L7j5lH+dWfTwgCwIuM9GQ2kvVotzYJMXTBZg==",
            "dev": true,
            "bin": {
                "tsc": "bin/tsc",
                "tsserver": "bin/tsserver"
            },
            "engines": {
                "node": ">=4.2.0"
            }
        }
    },
    "dependencies": {
        "@types/node": {
            "version": "18.18.4",
            "resolved": "https://registry.npmjs.org/@types/node/-/node-18.18.4.tgz",
            "integrity": "sha512-t3rNFBgJRugIhackit2mVcLfF6IRc0JE4oeizPQL8Zrm8n2WY/0wOdpOPhdtG0V9Q2TlW/axbF1MJ6z+Yj/kKQ==",
            "dev": true
        },
        "typescript": {
            "version": "4.9.4",
            "resolved": "https://registry.npmjs.org/typescript/-/typescript-4.9.4.tgz",
            "integrity": "sha512-Uz+dTXYzxXXbsFpM86Wh3dKCxrQqUcVMxwU54orwlJjOpO3ao8L7j5lH+dWfTwgCwIuM9GQ2kvVotzYJMXTBZg==",
            "dev": true
        }
    }
}
