{
	"name": "cli",
	"version": "0.0.0",
	"lockfileVersion": 2,
	"requires": true,
	"packages": {
		"": {
			"version": "0.0.0",
			"license": "MIT",
			"dependencies": {
				"assets": "^3.0.1",
				"typescript": "^4.4.3"
			}
		},
		"node_modules/assets": {
			"version": "3.0.1",
			"resolved": "https://registry.npmjs.org/assets/-/assets-3.0.1.tgz",
			"integrity": "sha512-fTyLNf/9V24y5zO83f4DAEuvaKj7MWBixbnqdZneAhsv1r21yQ/6ogZfvXHmphJAHsz4DhuOwHeJKVbGqqvk0Q==",
			"dependencies": {
				"async": "^2.5.0",
				"bluebird": "^3.4.6",
				"calipers": "^2.0.0",
				"calipers-gif": "^2.0.0",
				"calipers-jpeg": "^2.0.0",
				"calipers-png": "^2.0.0",
				"calipers-svg": "^2.0.0",
				"calipers-webp": "^2.0.0",
				"glob": "^7.0.6",
				"lodash": "^4.15.0",
				"mime": "^2.4.0"
			},
			"engines": {
				"node": ">=4"
			}
		},
		"node_modules/async": {
			"version": "2.6.3",
			"resolved": "https://registry.npmjs.org/async/-/async-2.6.3.tgz",
			"integrity": "sha512-zflvls11DCy+dQWzTW2dzuilv8Z5X/pjfmZOWba6TNIVDm+2UDaJmXSOXlasHKfNBs8oo3M0aT50fDEWfKZjXg==",
			"dependencies": {
				"lodash": "^4.17.14"
			}
		},
		"node_modules/balanced-match": {
			"version": "1.0.2",
			"resolved": "https://registry.npmjs.org/balanced-match/-/balanced-match-1.0.2.tgz",
			"integrity": "sha512-3oSeUO0TMV67hN1AmbXsK4yaqU7tjiHlbxRDZOpH0KW9+CeX4bRAaX0Anxt0tx2MrpRpWwQaPwIlISEJhYU5Pw=="
		},
		"node_modules/bluebird": {
			"version": "3.7.2",
			"resolved": "https://registry.npmjs.org/bluebird/-/bluebird-3.7.2.tgz",
			"integrity": "sha512-XpNj6GDQzdfW+r2Wnn7xiSAd7TM3jzkxGXBGTtWKuSXv1xUV+azxAm8jdWZN06QTQk+2N2XB9jRDkvbmQmcRtg=="
		},
		"node_modules/brace-expansion": {
			"version": "1.1.11",
			"resolved": "https://registry.npmjs.org/brace-expansion/-/brace-expansion-1.1.11.tgz",
			"integrity": "sha512-iCuPHDFgrHX7H2vEI/5xpz07zSHB00TpugqhmYtVmMO6518mCuRMoOYFldEBl0g187ufozdaHgWKcYFb61qGiA==",
			"dependencies": {
				"balanced-match": "^1.0.0",
				"concat-map": "0.0.1"
			}
		},
		"node_modules/calipers": {
			"version": "2.0.1",
			"resolved": "https://registry.npmjs.org/calipers/-/calipers-2.0.1.tgz",
			"integrity": "sha512-AP4Ui2Z8fZf69d8Dx4cfJgPjQHY3m+QXGFCaAGu8pfNQjyajkosS+Kkf1n6pQDMZcelN5h3MdcjweUqxcsS4pg==",
			"dependencies": {
				"bluebird": "3.x.x"
			}
		},
		"node_modules/calipers-gif": {
			"version": "2.0.0",
			"resolved": "https://registry.npmjs.org/calipers-gif/-/calipers-gif-2.0.0.tgz",
			"integrity": "sha1-te7+wwZKd8bc29W9xRc1oBuv3Dc=",
			"dependencies": {
				"bluebird": "3.x.x"
			},
			"peerDependencies": {
				"calipers": "2.x.x"
			}
		},
		"node_modules/calipers-jpeg": {
			"version": "2.0.0",
			"resolved": "https://registry.npmjs.org/calipers-jpeg/-/calipers-jpeg-2.0.0.tgz",
			"integrity": "sha1-BtVqU/YnF92AnLlWz2RCPOaTRls=",
			"dependencies": {
				"bluebird": "3.x.x"
			},
			"peerDependencies": {
				"calipers": "2.x.x"
			}
		},
		"node_modules/calipers-png": {
			"version": "2.0.0",
			"resolved": "https://registry.npmjs.org/calipers-png/-/calipers-png-2.0.0.tgz",
			"integrity": "sha1-HQ0g5cGuX3m3TVKGoul/Wbtwtlg=",
			"dependencies": {
				"bluebird": "3.x.x"
			},
			"peerDependencies": {
				"calipers": "2.x.x"
			}
		},
		"node_modules/calipers-svg": {
			"version": "2.0.1",
			"resolved": "https://registry.npmjs.org/calipers-svg/-/calipers-svg-2.0.1.tgz",
			"integrity": "sha512-3PROqHARmj8wWudUC7DzXm1+mSocqgY7jNuehFNHgrUVrKf8o7MqDjS92vJz5LvZsAofJsoAFMajkqwbxBROSQ==",
			"dependencies": {
				"bluebird": "3.x.x"
			}
		},
		"node_modules/calipers-webp": {
			"version": "2.0.0",
			"resolved": "https://registry.npmjs.org/calipers-webp/-/calipers-webp-2.0.0.tgz",
			"integrity": "sha1-4Sbs4vhM1xd5YSv6KyZTzZXOp3o=",
			"dependencies": {
				"bluebird": "3.x.x"
			}
		},
		"node_modules/concat-map": {
			"version": "0.0.1",
			"resolved": "https://registry.npmjs.org/concat-map/-/concat-map-0.0.1.tgz",
			"integrity": "sha1-2Klr13/Wjfd5OnMDajug1UBdR3s="
		},
		"node_modules/fs.realpath": {
			"version": "1.0.0",
			"resolved": "https://registry.npmjs.org/fs.realpath/-/fs.realpath-1.0.0.tgz",
			"integrity": "sha1-FQStJSMVjKpA20onh8sBQRmU6k8="
		},
		"node_modules/glob": {
			"version": "7.2.0",
			"resolved": "https://registry.npmjs.org/glob/-/glob-7.2.0.tgz",
			"integrity": "sha512-lmLf6gtyrPq8tTjSmrO94wBeQbFR3HbLHbuyD69wuyQkImp2hWqMGB47OX65FBkPffO641IP9jWa1z4ivqG26Q==",
			"dependencies": {
				"fs.realpath": "^1.0.0",
				"inflight": "^1.0.4",
				"inherits": "2",
				"minimatch": "^3.0.4",
				"once": "^1.3.0",
				"path-is-absolute": "^1.0.0"
			},
			"engines": {
				"node": "*"
			},
			"funding": {
				"url": "https://github.com/sponsors/isaacs"
			}
		},
		"node_modules/inflight": {
			"version": "1.0.6",
			"resolved": "https://registry.npmjs.org/inflight/-/inflight-1.0.6.tgz",
			"integrity": "sha1-Sb1jMdfQLQwJvJEKEHW6gWW1bfk=",
			"dependencies": {
				"once": "^1.3.0",
				"wrappy": "1"
			}
		},
		"node_modules/inherits": {
			"version": "2.0.4",
			"resolved": "https://registry.npmjs.org/inherits/-/inherits-2.0.4.tgz",
			"integrity": "sha512-k/vGaX4/Yla3WzyMCvTQOXYeIHvqOKtnqBduzTHpzpQZzAskKMhZ2K+EnBiSM9zGSoIFeMpXKxa4dYeZIQqewQ=="
		},
		"node_modules/lodash": {
			"version": "4.17.21",
			"resolved": "https://registry.npmjs.org/lodash/-/lodash-4.17.21.tgz",
			"integrity": "sha512-v2kDEe57lecTulaDIuNTPy3Ry4gLGJ6Z1O3vE1krgXZNrsQ+LFTGHVxVjcXPs17LhbZVGedAJv8XZ1tvj5FvSg=="
		},
		"node_modules/mime": {
			"version": "2.5.2",
			"resolved": "https://registry.npmjs.org/mime/-/mime-2.5.2.tgz",
			"integrity": "sha512-tqkh47FzKeCPD2PUiPB6pkbMzsCasjxAfC62/Wap5qrUWcb+sFasXUC5I3gYM5iBM8v/Qpn4UK0x+j0iHyFPDg==",
			"bin": {
				"mime": "cli.js"
			},
			"engines": {
				"node": ">=4.0.0"
			}
		},
		"node_modules/minimatch": {
			"version": "3.0.4",
			"resolved": "https://registry.npmjs.org/minimatch/-/minimatch-3.0.4.tgz",
			"integrity": "sha512-yJHVQEhyqPLUTgt9B83PXu6W3rx4MvvHvSUvToogpwoGDOUQ+yDrR0HRot+yOCdCO7u4hX3pWft6kWBBcqh0UA==",
			"dependencies": {
				"brace-expansion": "^1.1.7"
			},
			"engines": {
				"node": "*"
			}
		},
		"node_modules/once": {
			"version": "1.4.0",
			"resolved": "https://registry.npmjs.org/once/-/once-1.4.0.tgz",
			"integrity": "sha1-WDsap3WWHUsROsF9nFC6753Xa9E=",
			"dependencies": {
				"wrappy": "1"
			}
		},
		"node_modules/path-is-absolute": {
			"version": "1.0.1",
			"resolved": "https://registry.npmjs.org/path-is-absolute/-/path-is-absolute-1.0.1.tgz",
			"integrity": "sha1-F0uSaHNVNP+8es5r9TpanhtcX18=",
			"engines": {
				"node": ">=0.10.0"
			}
		},
		"node_modules/typescript": {
			"version": "4.4.3",
			"resolved": "https://registry.npmjs.org/typescript/-/typescript-4.4.3.tgz",
			"integrity": "sha512-4xfscpisVgqqDfPaJo5vkd+Qd/ItkoagnHpufr+i2QCHBsNYp+G7UAoyFl8aPtx879u38wPV65rZ8qbGZijalA==",
			"bin": {
				"tsc": "bin/tsc",
				"tsserver": "bin/tsserver"
			},
			"engines": {
				"node": ">=4.2.0"
			}
		},
		"node_modules/wrappy": {
			"version": "1.0.2",
			"resolved": "https://registry.npmjs.org/wrappy/-/wrappy-1.0.2.tgz",
			"integrity": "sha1-tSQ9jz7BqjXxNkYFvA0QNuMKtp8="
		}
	},
	"dependencies": {
		"assets": {
			"version": "3.0.1",
			"resolved": "https://registry.npmjs.org/assets/-/assets-3.0.1.tgz",
			"integrity": "sha512-fTyLNf/9V24y5zO83f4DAEuvaKj7MWBixbnqdZneAhsv1r21yQ/6ogZfvXHmphJAHsz4DhuOwHeJKVbGqqvk0Q==",
			"requires": {
				"async": "^2.5.0",
				"bluebird": "^3.4.6",
				"calipers": "^2.0.0",
				"calipers-gif": "^2.0.0",
				"calipers-jpeg": "^2.0.0",
				"calipers-png": "^2.0.0",
				"calipers-svg": "^2.0.0",
				"calipers-webp": "^2.0.0",
				"glob": "^7.0.6",
				"lodash": "^4.15.0",
				"mime": "^2.4.0"
			}
		},
		"async": {
			"version": "2.6.3",
			"resolved": "https://registry.npmjs.org/async/-/async-2.6.3.tgz",
			"integrity": "sha512-zflvls11DCy+dQWzTW2dzuilv8Z5X/pjfmZOWba6TNIVDm+2UDaJmXSOXlasHKfNBs8oo3M0aT50fDEWfKZjXg==",
			"requires": {
				"lodash": "^4.17.14"
			}
		},
		"balanced-match": {
			"version": "1.0.2",
			"resolved": "https://registry.npmjs.org/balanced-match/-/balanced-match-1.0.2.tgz",
			"integrity": "sha512-3oSeUO0TMV67hN1AmbXsK4yaqU7tjiHlbxRDZOpH0KW9+CeX4bRAaX0Anxt0tx2MrpRpWwQaPwIlISEJhYU5Pw=="
		},
		"bluebird": {
			"version": "3.7.2",
			"resolved": "https://registry.npmjs.org/bluebird/-/bluebird-3.7.2.tgz",
			"integrity": "sha512-XpNj6GDQzdfW+r2Wnn7xiSAd7TM3jzkxGXBGTtWKuSXv1xUV+azxAm8jdWZN06QTQk+2N2XB9jRDkvbmQmcRtg=="
		},
		"brace-expansion": {
			"version": "1.1.11",
			"resolved": "https://registry.npmjs.org/brace-expansion/-/brace-expansion-1.1.11.tgz",
			"integrity": "sha512-iCuPHDFgrHX7H2vEI/5xpz07zSHB00TpugqhmYtVmMO6518mCuRMoOYFldEBl0g187ufozdaHgWKcYFb61qGiA==",
			"requires": {
				"balanced-match": "^1.0.0",
				"concat-map": "0.0.1"
			}
		},
		"calipers": {
			"version": "2.0.1",
			"resolved": "https://registry.npmjs.org/calipers/-/calipers-2.0.1.tgz",
			"integrity": "sha512-AP4Ui2Z8fZf69d8Dx4cfJgPjQHY3m+QXGFCaAGu8pfNQjyajkosS+Kkf1n6pQDMZcelN5h3MdcjweUqxcsS4pg==",
			"requires": {
				"bluebird": "3.x.x"
			}
		},
		"calipers-gif": {
			"version": "2.0.0",
			"resolved": "https://registry.npmjs.org/calipers-gif/-/calipers-gif-2.0.0.tgz",
			"integrity": "sha1-te7+wwZKd8bc29W9xRc1oBuv3Dc=",
			"requires": {
				"bluebird": "3.x.x"
			}
		},
		"calipers-jpeg": {
			"version": "2.0.0",
			"resolved": "https://registry.npmjs.org/calipers-jpeg/-/calipers-jpeg-2.0.0.tgz",
			"integrity": "sha1-BtVqU/YnF92AnLlWz2RCPOaTRls=",
			"requires": {
				"bluebird": "3.x.x"
			}
		},
		"calipers-png": {
			"version": "2.0.0",
			"resolved": "https://registry.npmjs.org/calipers-png/-/calipers-png-2.0.0.tgz",
			"integrity": "sha1-HQ0g5cGuX3m3TVKGoul/Wbtwtlg=",
			"requires": {
				"bluebird": "3.x.x"
			}
		},
		"calipers-svg": {
			"version": "2.0.1",
			"resolved": "https://registry.npmjs.org/calipers-svg/-/calipers-svg-2.0.1.tgz",
			"integrity": "sha512-3PROqHARmj8wWudUC7DzXm1+mSocqgY7jNuehFNHgrUVrKf8o7MqDjS92vJz5LvZsAofJsoAFMajkqwbxBROSQ==",
			"requires": {
				"bluebird": "3.x.x"
			}
		},
		"calipers-webp": {
			"version": "2.0.0",
			"resolved": "https://registry.npmjs.org/calipers-webp/-/calipers-webp-2.0.0.tgz",
			"integrity": "sha1-4Sbs4vhM1xd5YSv6KyZTzZXOp3o=",
			"requires": {
				"bluebird": "3.x.x"
			}
		},
		"concat-map": {
			"version": "0.0.1",
			"resolved": "https://registry.npmjs.org/concat-map/-/concat-map-0.0.1.tgz",
			"integrity": "sha1-2Klr13/Wjfd5OnMDajug1UBdR3s="
		},
		"fs.realpath": {
			"version": "1.0.0",
			"resolved": "https://registry.npmjs.org/fs.realpath/-/fs.realpath-1.0.0.tgz",
			"integrity": "sha1-FQStJSMVjKpA20onh8sBQRmU6k8="
		},
		"glob": {
			"version": "7.2.0",
			"resolved": "https://registry.npmjs.org/glob/-/glob-7.2.0.tgz",
			"integrity": "sha512-lmLf6gtyrPq8tTjSmrO94wBeQbFR3HbLHbuyD69wuyQkImp2hWqMGB47OX65FBkPffO641IP9jWa1z4ivqG26Q==",
			"requires": {
				"fs.realpath": "^1.0.0",
				"inflight": "^1.0.4",
				"inherits": "2",
				"minimatch": "^3.0.4",
				"once": "^1.3.0",
				"path-is-absolute": "^1.0.0"
			}
		},
		"inflight": {
			"version": "1.0.6",
			"resolved": "https://registry.npmjs.org/inflight/-/inflight-1.0.6.tgz",
			"integrity": "sha1-Sb1jMdfQLQwJvJEKEHW6gWW1bfk=",
			"requires": {
				"once": "^1.3.0",
				"wrappy": "1"
			}
		},
		"inherits": {
			"version": "2.0.4",
			"resolved": "https://registry.npmjs.org/inherits/-/inherits-2.0.4.tgz",
			"integrity": "sha512-k/vGaX4/Yla3WzyMCvTQOXYeIHvqOKtnqBduzTHpzpQZzAskKMhZ2K+EnBiSM9zGSoIFeMpXKxa4dYeZIQqewQ=="
		},
		"lodash": {
			"version": "4.17.21",
			"resolved": "https://registry.npmjs.org/lodash/-/lodash-4.17.21.tgz",
			"integrity": "sha512-v2kDEe57lecTulaDIuNTPy3Ry4gLGJ6Z1O3vE1krgXZNrsQ+LFTGHVxVjcXPs17LhbZVGedAJv8XZ1tvj5FvSg=="
		},
		"mime": {
			"version": "2.5.2",
			"resolved": "https://registry.npmjs.org/mime/-/mime-2.5.2.tgz",
			"integrity": "sha512-tqkh47FzKeCPD2PUiPB6pkbMzsCasjxAfC62/Wap5qrUWcb+sFasXUC5I3gYM5iBM8v/Qpn4UK0x+j0iHyFPDg=="
		},
		"minimatch": {
			"version": "3.0.4",
			"resolved": "https://registry.npmjs.org/minimatch/-/minimatch-3.0.4.tgz",
			"integrity": "sha512-yJHVQEhyqPLUTgt9B83PXu6W3rx4MvvHvSUvToogpwoGDOUQ+yDrR0HRot+yOCdCO7u4hX3pWft6kWBBcqh0UA==",
			"requires": {
				"brace-expansion": "^1.1.7"
			}
		},
		"once": {
			"version": "1.4.0",
			"resolved": "https://registry.npmjs.org/once/-/once-1.4.0.tgz",
			"integrity": "sha1-WDsap3WWHUsROsF9nFC6753Xa9E=",
			"requires": {
				"wrappy": "1"
			}
		},
		"path-is-absolute": {
			"version": "1.0.1",
			"resolved": "https://registry.npmjs.org/path-is-absolute/-/path-is-absolute-1.0.1.tgz",
			"integrity": "sha1-F0uSaHNVNP+8es5r9TpanhtcX18="
		},
		"typescript": {
			"version": "4.4.3",
			"resolved": "https://registry.npmjs.org/typescript/-/typescript-4.4.3.tgz",
			"integrity": "sha512-4xfscpisVgqqDfPaJo5vkd+Qd/ItkoagnHpufr+i2QCHBsNYp+G7UAoyFl8aPtx879u38wPV65rZ8qbGZijalA=="
		},
		"wrappy": {
			"version": "1.0.2",
			"resolved": "https://registry.npmjs.org/wrappy/-/wrappy-1.0.2.tgz",
			"integrity": "sha1-tSQ9jz7BqjXxNkYFvA0QNuMKtp8="
		}
	}
}
